
Microsoft Visual Studio Solution File, Format Version 12.00
# Visual Studio Version 16
VisualStudioVersion = 16.0.30711.63
MinimumVisualStudioVersion = 10.0.40219.1
Project("{FAE04EC0-301F-11D3-BF4B-00C04F79EFBC}") = "PruebaWeb", "PruebaWeb\PruebaWeb.csproj", "{47CF8C2E-4F15-448C-BBCF-61D9BB7E1131}"
EndProject
Global
	GlobalSection(SolutionConfigurationPlatforms) = preSolution
		Debug|Any CPU = Debug|Any CPU
		Release|Any CPU = Release|Any CPU
	EndGlobalSection
	GlobalSection(ProjectConfigurationPlatforms) = postSolution
		{47CF8C2E-4F15-448C-BBCF-61D9BB7E1131}.Debug|Any CPU.ActiveCfg = Debug|Any CPU
		{47CF8C2E-4F15-448C-BBCF-61D9BB7E1131}.Debug|Any CPU.Build.0 = Debug|Any CPU
		{47CF8C2E-4F15-448C-BBCF-61D9BB7E1131}.Release|Any CPU.ActiveCfg = Release|Any CPU
		{47CF8C2E-4F15-448C-BBCF-61D9BB7E1131}.Release|Any CPU.Build.0 = Release|Any CPU
	EndGlobalSection
	GlobalSection(SolutionProperties) = preSolution
		HideSolutionNode = FALSE
	EndGlobalSection
	GlobalSection(ExtensibilityGlobals) = postSolution
		SolutionGuid = {D7340417-BCC8-4423-A2BE-73E14A5D705B}
	EndGlobalSection
EndGlobal
